# THIS IS AN AUTOGENERATED FILE. DO NOT EDIT THIS FILE DIRECTLY.
# yarn lockfile v1


"@biomejs/biome@1.7.3":
  version "1.7.3"
  resolved "https://registry.yarnpkg.com/@biomejs/biome/-/biome-1.7.3.tgz#847a317b63c811534fc8108389b7a9fae8803eed"
  integrity sha512-ogFQI+fpXftr+tiahA6bIXwZ7CSikygASdqMtH07J2cUzrpjyTMVc9Y97v23c7/tL1xCZhM+W9k4hYIBm7Q6cQ==
  optionalDependencies:
    "@biomejs/cli-darwin-arm64" "1.7.3"
    "@biomejs/cli-darwin-x64" "1.7.3"
    "@biomejs/cli-linux-arm64" "1.7.3"
    "@biomejs/cli-linux-arm64-musl" "1.7.3"
    "@biomejs/cli-linux-x64" "1.7.3"
    "@biomejs/cli-linux-x64-musl" "1.7.3"
    "@biomejs/cli-win32-arm64" "1.7.3"
    "@biomejs/cli-win32-x64" "1.7.3"

"@biomejs/cli-darwin-arm64@1.7.3":
  version "1.7.3"
  resolved "https://registry.yarnpkg.com/@biomejs/cli-darwin-arm64/-/cli-darwin-arm64-1.7.3.tgz#0b0f568f6fd2153aa1a53bddd0a55355df381952"
  integrity sha512-eDvLQWmGRqrPIRY7AIrkPHkQ3visEItJKkPYSHCscSDdGvKzYjmBJwG1Gu8+QC5ed6R7eiU63LEC0APFBobmfQ==

"@biomejs/cli-darwin-x64@1.7.3":
  version "1.7.3"
  resolved "https://registry.yarnpkg.com/@biomejs/cli-darwin-x64/-/cli-darwin-x64-1.7.3.tgz#0eb0e9da1f869e65e6ce98a007a3341bb1c88446"
  integrity sha512-JXCaIseKRER7dIURsVlAJacnm8SG5I0RpxZ4ya3dudASYUc68WGl4+FEN03ABY3KMIq7hcK1tzsJiWlmXyosZg==

"@biomejs/cli-linux-arm64-musl@1.7.3":
  version "1.7.3"
  resolved "https://registry.yarnpkg.com/@biomejs/cli-linux-arm64-musl/-/cli-linux-arm64-musl-1.7.3.tgz#e098110cc11552857ba46cae1e00e68805c1718a"
  integrity sha512-c8AlO45PNFZ1BYcwaKzdt46kYbuP6xPGuGQ6h4j3XiEDpyseRRUy/h+6gxj07XovmyxKnSX9GSZ6nVbZvcVUAw==

"@biomejs/cli-linux-arm64@1.7.3":
  version "1.7.3"
  resolved "https://registry.yarnpkg.com/@biomejs/cli-linux-arm64/-/cli-linux-arm64-1.7.3.tgz#9e53c14acd7190ebd1e8b0a2f5a54083c118ce72"
  integrity sha512-phNTBpo7joDFastnmZsFjYcDYobLTx4qR4oPvc9tJ486Bd1SfEVPHEvJdNJrMwUQK56T+TRClOQd/8X1nnjA9w==

"@biomejs/cli-linux-x64-musl@1.7.3":
  version "1.7.3"
  resolved "https://registry.yarnpkg.com/@biomejs/cli-linux-x64-musl/-/cli-linux-x64-musl-1.7.3.tgz#f27d4a267f69e663797e3204e51a373f3e33bc30"
  integrity sha512-UdEHKtYGWEX3eDmVWvQeT+z05T9/Sdt2+F/7zmMOFQ7boANeX8pcO6EkJPK3wxMudrApsNEKT26rzqK6sZRTRA==

"@biomejs/cli-linux-x64@1.7.3":
  version "1.7.3"
  resolved "https://registry.yarnpkg.com/@biomejs/cli-linux-x64/-/cli-linux-x64-1.7.3.tgz#7112b22e32a8626d0f11d92e43d0cc034c50723d"
  integrity sha512-vnedYcd5p4keT3iD48oSKjOIRPYcjSNNbd8MO1bKo9ajg3GwQXZLAH+0Cvlr+eMsO67/HddWmscSQwTFrC/uPA==

"@biomejs/cli-win32-arm64@1.7.3":
  version "1.7.3"
  resolved "https://registry.yarnpkg.com/@biomejs/cli-win32-arm64/-/cli-win32-arm64-1.7.3.tgz#91bed8a3ae3433c3feb6a11816b0eb19b60801ef"
  integrity sha512-unNCDqUKjujYkkSxs7gFIfdasttbDC4+z0kYmcqzRk6yWVoQBL4dNLcCbdnJS+qvVDNdI9rHp2NwpQ0WAdla4Q==

"@biomejs/cli-win32-x64@1.7.3":
  version "1.7.3"
  resolved "https://registry.yarnpkg.com/@biomejs/cli-win32-x64/-/cli-win32-x64-1.7.3.tgz#41b65a940a360abb4a3205949370153ffe30c7de"
  integrity sha512-ZmByhbrnmz/UUFYB622CECwhKIPjJLLPr5zr3edhu04LzbfcOrz16VYeNq5dpO1ADG70FORhAJkaIGdaVBG00w==

"@twemoji/parser@15.0.0":
  version "15.0.0"
  resolved "https://registry.yarnpkg.com/@twemoji/parser/-/parser-15.0.0.tgz#8ae9749659ef524b5f0e6ee1412d0e48865e77bf"
  integrity sha512-lh9515BNsvKSNvyUqbj5yFu83iIDQ77SwVcsN/SnEGawczhsKU6qWuogewN1GweTi5Imo5ToQ9s+nNTf97IXvg==

emoji-regex@^10.3.0:
  version "10.3.0"
  resolved "https://registry.yarnpkg.com/emoji-regex/-/emoji-regex-10.3.0.tgz#76998b9268409eb3dae3de989254d456e70cfe23"
  integrity sha512-QpLs9D9v9kArv4lfDEgg1X/gN5XLnf/A6l9cs8SPZLRZR3ZkY9+kwIQTxm+fsSej5UMYGE8fdoaZVIBlqG0XTw==

marked@^12.0.2:
  version "12.0.2"
  resolved "https://registry.yarnpkg.com/marked/-/marked-12.0.2.tgz#b31578fe608b599944c69807b00f18edab84647e"
  integrity sha512-qXUm7e/YKFoqFPYPa3Ukg9xlI5cyAtGmyEIzMfW//m6kXwCy2Ps9DYf5ioijFKQ8qyuscrHoY04iJGctu2Kg0Q==

mfm-js@^0.24.0:
  version "0.24.0"
  resolved "https://registry.yarnpkg.com/mfm-js/-/mfm-js-0.24.0.tgz#06e5827fa1e093b52dfe1dbc6ce16954e8b1cd31"
  integrity sha512-6m8N0ElH9/4CA1izhVqmxTfLj5Z9RspdqM/lMew4xU/UTgm4Pf//VpDunpasxbRFjeJSVW+zoVwL4ZPfPtfiQg==
  dependencies:
    "@twemoji/parser" "15.0.0"

typescript@^5.4.5:
  version "5.4.5"
  resolved "https://registry.yarnpkg.com/typescript/-/typescript-5.4.5.tgz#42ccef2c571fdbd0f6718b1d1f5e6e5ef006f611"
  integrity sha512-vcI4UpRgg81oIRUFwR0WSIHKt11nJ7SAVlYNIu+QpqeyXP+gpQJy/Z4+F0aGxSE4MqwjyXvW/TzgkLAx2AGHwQ==
